
Microsoft Visual Studio Solution File, Format Version 12.00
# Visual Studio Version 17
VisualStudioVersion = 17.3.32929.385
MinimumVisualStudioVersion = 10.0.40219.1
Project("{FAE04EC0-301F-11D3-BF4B-00C04F79EFBC}") = "seriaiazepr", "seriaiazepr.csproj", "{A9B5428B-C6AB-4A41-9701-B28E078A1133}"
EndProject
Project("{2150E333-8FDC-42A3-9474-1A3956D46DE8}") = "Solution Items", "Solution Items", "{23F80ADF-2337-477D-9A1E-EC57474B30D0}"
	ProjectSection(SolutionItems) = preProject
		Script1.js = Script1.js
	EndProjectSection
EndProject
Global
	GlobalSection(SolutionConfigurationPlatforms) = preSolution
		Debug|Any CPU = Debug|Any CPU
		Release|Any CPU = Release|Any CPU
	EndGlobalSection
	GlobalSection(ProjectConfigurationPlatforms) = postSolution
		{A9B5428B-C6AB-4A41-9701-B28E078A1133}.Debug|Any CPU.ActiveCfg = Debug|Any CPU
		{A9B5428B-C6AB-4A41-9701-B28E078A1133}.Debug|Any CPU.Build.0 = Debug|Any CPU
		{A9B5428B-C6AB-4A41-9701-B28E078A1133}.Release|Any CPU.ActiveCfg = Release|Any CPU
		{A9B5428B-C6AB-4A41-9701-B28E078A1133}.Release|Any CPU.Build.0 = Release|Any CPU
	EndGlobalSection
	GlobalSection(SolutionProperties) = preSolution
		HideSolutionNode = FALSE
	EndGlobalSection
	GlobalSection(ExtensibilityGlobals) = postSolution
		SolutionGuid = {01080AAB-AFEF-4C26-8DF0-B437612B8C75}
	EndGlobalSection
EndGlobal
